
Microsoft Visual Studio Solution File, Format Version 12.00
# Visual Studio 15
VisualStudioVersion = 15.0.27703.2042
MinimumVisualStudioVersion = 10.0.40219.1
Project("{FAE04EC0-301F-11D3-BF4B-00C04F79EFBC}") = "MusicStore", "MusicStore\MusicStore.csproj", "{DA65E591-7915-431B-BD8B-14F5677F8B9B}"
EndProject
Global
	GlobalSection(SolutionConfigurationPlatforms) = preSolution
		Debug|Any CPU = Debug|Any CPU
		Release|Any CPU = Release|Any CPU
	EndGlobalSection
	GlobalSection(ProjectConfigurationPlatforms) = postSolution
		{DA65E591-7915-431B-BD8B-14F5677F8B9B}.Debug|Any CPU.ActiveCfg = Debug|Any CPU
		{DA65E591-7915-431B-BD8B-14F5677F8B9B}.Debug|Any CPU.Build.0 = Debug|Any CPU
		{DA65E591-7915-431B-BD8B-14F5677F8B9B}.Release|Any CPU.ActiveCfg = Release|Any CPU
		{DA65E591-7915-431B-BD8B-14F5677F8B9B}.Release|Any CPU.Build.0 = Release|Any CPU
	EndGlobalSection
	GlobalSection(SolutionProperties) = preSolution
		HideSolutionNode = FALSE
	EndGlobalSection
	GlobalSection(ExtensibilityGlobals) = postSolution
		SolutionGuid = {68FAF9F3-CE3C-4FCF-85B1-661D094A5BD1}
	EndGlobalSection
EndGlobal
